
Microsoft Visual Studio Solution File, Format Version 12.00
# Visual Studio Version 17
VisualStudioVersion = 17.4.33122.133
MinimumVisualStudioVersion = 10.0.40219.1
Project("{FAE04EC0-301F-11D3-BF4B-00C04F79EFBC}") = "MagicLibrary", "MagicLibrary\MagicLibrary.csproj", "{98F024EE-3196-4887-90C6-7DE590F15084}"
EndProject
Project("{FAE04EC0-301F-11D3-BF4B-00C04F79EFBC}") = "MagicLibrary.Test", "MagicLibrary.Test\MagicLibrary.Test.csproj", "{17E2D24E-626A-40F1-9186-477FF4FE5517}"
EndProject
Global
	GlobalSection(SolutionConfigurationPlatforms) = preSolution
		Debug|Any CPU = Debug|Any CPU
		Release|Any CPU = Release|Any CPU
	EndGlobalSection
	GlobalSection(ProjectConfigurationPlatforms) = postSolution
		{98F024EE-3196-4887-90C6-7DE590F15084}.Debug|Any CPU.ActiveCfg = Debug|Any CPU
		{98F024EE-3196-4887-90C6-7DE590F15084}.Debug|Any CPU.Build.0 = Debug|Any CPU
		{98F024EE-3196-4887-90C6-7DE590F15084}.Release|Any CPU.ActiveCfg = Release|Any CPU
		{98F024EE-3196-4887-90C6-7DE590F15084}.Release|Any CPU.Build.0 = Release|Any CPU
		{17E2D24E-626A-40F1-9186-477FF4FE5517}.Debug|Any CPU.ActiveCfg = Debug|Any CPU
		{17E2D24E-626A-40F1-9186-477FF4FE5517}.Debug|Any CPU.Build.0 = Debug|Any CPU
		{17E2D24E-626A-40F1-9186-477FF4FE5517}.Release|Any CPU.ActiveCfg = Release|Any CPU
		{17E2D24E-626A-40F1-9186-477FF4FE5517}.Release|Any CPU.Build.0 = Release|Any CPU
	EndGlobalSection
	GlobalSection(SolutionProperties) = preSolution
		HideSolutionNode = FALSE
	EndGlobalSection
	GlobalSection(ExtensibilityGlobals) = postSolution
		SolutionGuid = {FC95DBD6-66A8-44BB-98BE-8B817D8D99C0}
	EndGlobalSection
EndGlobal
